<?xml version="1.0" encoding="utf-8"?>
<Project ToolsVersion="4.0" xmlns="http://schemas.microsoft.com/developer/msbuild/2003">
  <ItemGroup>
    <Filter Include="Header Files">
      <UniqueIdentifier>{93995380-89BD-4b04-88EB-625FBE52EBFB}</UniqueIdentifier>
      <Extensions>h;hh;hpp;hxx;h++;hm;inl;inc;ipp;xsd</Extensions>
    </Filter>
    <Filter Include="Resource Files">
      <UniqueIdentifier>{67DA6AB6-F800-4c08-8B7A-83BB121AAD01}</UniqueIdentifier>
      <Extensions>rc;ico;cur;bmp;dlg;rc2;rct;bin;rgs;gif;jpg;jpeg;jpe;resx;tiff;tif;png;wav;mfcribbon-ms</Extensions>
    </Filter>
    <Filter Include="Windows and Dialogs">
      <UniqueIdentifier>{b9304d68-aedf-461b-ac0e-da6de6745d86}</UniqueIdentifier>
    </Filter>
    <Filter Include="Models">
      <UniqueIdentifier>{f5b7a909-14d2-411f-90c7-5f22d85d9f48}</UniqueIdentifier>
    </Filter>
    <Filter Include="Controllers">
      <UniqueIdentifier>{891b5b6b-2225-421b-b8b9-f94ca30179d4}</UniqueIdentifier>
    </Filter>
    <Filter Include="Exceptions">
      <UniqueIdentifier>{1b68fff9-41af-4055-afc0-c3a612b7277a}</UniqueIdentifier>
    </Filter>
  </ItemGroup>
  <ItemGroup>
    <ClInclude Include="..\..\src\CommonIncludes.h">
      <Filter>Header Files</Filter>
    </ClInclude>
    <ClInclude Include="..\..\src\SendFileDialog.h">
      <Filter>Windows and Dialogs</Filter>
    </ClInclude>
    <ClInclude Include="..\..\src\AboutDialog.h">
      <Filter>Windows and Dialogs</Filter>
    </ClInclude>
    <ClInclude Include="..\..\src\Application.h">
      <Filter>Windows and Dialogs</Filter>
    </ClInclude>
    <ClInclude Include="..\..\vs6\Desktop\resource.h">
      <Filter>Header Files</Filter>
    </ClInclude>
    <ClInclude Include="..\..\src\Models\Peer.h">
      <Filter>Models</Filter>
    </ClInclude>
    <ClInclude Include="..\..\src\Controllers\Client.h">
      <Filter>Controllers</Filter>
    </ClInclude>
    <ClInclude Include="..\..\src\Exceptions\GroundLift.h">
      <Filter>Exceptions</Filter>
    </ClInclude>
    <ClInclude Include="..\..\src\Controllers\PeerDiscovery.h">
      <Filter>Controllers</Filter>
    </ClInclude>
    <ClInclude Include="..\..\src\SendProgressDialog.h">
      <Filter>Windows and Dialogs</Filter>
    </ClInclude>
    <ClInclude Include="..\..\src\ProgressDialog.h">
      <Filter>Windows and Dialogs</Filter>
    </ClInclude>
    <ClInclude Include="..\..\src\RequestPopupDialog.h">
      <Filter>Windows and Dialogs</Filter>
    </ClInclude>
    <ClInclude Include="..\..\src\Controllers\Server.h">
      <Filter>Controllers</Filter>
    </ClInclude>
  </ItemGroup>
  <ItemGroup>
    <ClCompile Include="..\..\src\AboutDialog.cpp">
      <Filter>Windows and Dialogs</Filter>
    </ClCompile>
    <ClCompile Include="..\..\src\Application.cpp">
      <Filter>Windows and Dialogs</Filter>
    </ClCompile>
    <ClCompile Include="..\..\src\SendFileDialog.cpp">
      <Filter>Windows and Dialogs</Filter>
    </ClCompile>
    <ClCompile Include="..\..\src\Models\Peer.cpp">
      <Filter>Models</Filter>
    </ClCompile>
    <ClCompile Include="..\..\src\Controllers\Client.cpp">
      <Filter>Controllers</Filter>
    </ClCompile>
    <ClCompile Include="..\..\src\Exceptions\GroundLift.cpp">
      <Filter>Exceptions</Filter>
    </ClCompile>
    <ClCompile Include="..\..\src\Controllers\PeerDiscovery.cpp">
      <Filter>Controllers</Filter>
    </ClCompile>
    <ClCompile Include="..\..\src\SendProgressDialog.cpp">
      <Filter>Windows and Dialogs</Filter>
    </ClCompile>
    <ClCompile Include="..\..\src\ProgressDialog.cpp">
      <Filter>Windows and Dialogs</Filter>
    </ClCompile>
    <ClCompile Include="..\..\src\RequestPopupDialog.cpp">
      <Filter>Windows and Dialogs</Filter>
    </ClCompile>
    <ClCompile Include="..\..\src\Controllers\Server.cpp">
      <Filter>Controllers</Filter>
    </ClCompile>
  </ItemGroup>
  <ItemGroup>
    <Image Include="..\..\vs6\Desktop\Desktop.ico">
      <Filter>Resource Files</Filter>
    </Image>
    <Image Include="..\..\vs6\Desktop\small.ico">
      <Filter>Resource Files</Filter>
    </Image>
  </ItemGroup>
  <ItemGroup>
    <ResourceCompile Include="..\..\vs6\Desktop\Desktop.rc">
      <Filter>Resource Files</Filter>
    </ResourceCompile>
  </ItemGroup>
  <ItemGroup>
    <Xml Include="..\..\manifest.xml">
      <Filter>Resource Files</Filter>
    </Xml>
    <Xml Include="..\..\vs6\Desktop\manifest.xml" />
  </ItemGroup>
</Project>